
Microsoft Visual Studio Solution File, Format Version 12.00
# Visual Studio Version 16
VisualStudioVersion = 16.0.30523.141
MinimumVisualStudioVersion = 10.0.40219.1
Project("{FAE04EC0-301F-11D3-BF4B-00C04F79EFBC}") = "Mergesoft threaded", "Mergesoft threaded\Mergesoft threaded.csproj", "{632A1973-6F98-4D0B-876D-70E9BA7C8773}"
EndProject
Global
	GlobalSection(SolutionConfigurationPlatforms) = preSolution
		Debug|Any CPU = Debug|Any CPU
		Release|Any CPU = Release|Any CPU
	EndGlobalSection
	GlobalSection(ProjectConfigurationPlatforms) = postSolution
		{632A1973-6F98-4D0B-876D-70E9BA7C8773}.Debug|Any CPU.ActiveCfg = Debug|Any CPU
		{632A1973-6F98-4D0B-876D-70E9BA7C8773}.Debug|Any CPU.Build.0 = Debug|Any CPU
		{632A1973-6F98-4D0B-876D-70E9BA7C8773}.Release|Any CPU.ActiveCfg = Release|Any CPU
		{632A1973-6F98-4D0B-876D-70E9BA7C8773}.Release|Any CPU.Build.0 = Release|Any CPU
	EndGlobalSection
	GlobalSection(SolutionProperties) = preSolution
		HideSolutionNode = FALSE
	EndGlobalSection
	GlobalSection(ExtensibilityGlobals) = postSolution
		SolutionGuid = {5BCDF84D-1825-4C4B-A41A-DD6BCA66A076}
	EndGlobalSection
EndGlobal
